// !$*UTF8*$!
{
	archiveVersion = 1;
	classes = {
	};
	objectVersion = 48;
	objects = {

/* Begin PBXBuildFile section */
		FC563E141F1D3D0100154D43 /* AppDelegate.swift in Sources */ = {isa = PBXBuildFile; fileRef = FC563E131F1D3D0100154D43 /* AppDelegate.swift */; };
		FC563E161F1D3D0100154D43 /* ViewController.swift in Sources */ = {isa = PBXBuildFile; fileRef = FC563E151F1D3D0100154D43 /* ViewController.swift */; };
		FC563E191F1D3D0100154D43 /* Main.storyboard in Resources */ = {isa = PBXBuildFile; fileRef = FC563E171F1D3D0100154D43 /* Main.storyboard */; };
		FC563E1B1F1D3D0100154D43 /* Assets.xcassets in Resources */ = {isa = PBXBuildFile; fileRef = FC563E1A1F1D3D0100154D43 /* Assets.xcassets */; };
		FC563E1E1F1D3D0100154D43 /* LaunchScreen.storyboard in Resources */ = {isa = PBXBuildFile; fileRef = FC563E1C1F1D3D0100154D43 /* LaunchScreen.storyboard */; };
/* End PBXBuildFile section */

/* Begin PBXFileReference section */
		FC563E101F1D3D0100154D43 /* LaunchScreenApp.app */ = {isa = PBXFileReference; explicitFileType = wrapper.application; includeInIndex = 0; path = LaunchScreenApp.app; sourceTree = BUILT_PRODUCTS_DIR; };
		FC563E131F1D3D0100154D43 /* AppDelegate.swift */ = {isa = PBXFileReference; lastKnownFileType = sourcecode.swift; path = AppDelegate.swift; sourceTree = "<group>"; };
		FC563E151F1D3D0100154D43 /* ViewController.swift */ = {isa = PBXFileReference; lastKnownFileType = sourcecode.swift; path = ViewController.swift; sourceTree = "<group>"; };
		FC563E181F1D3D0100154D43 /* Base */ = {isa = PBXFileReference; lastKnownFileType = file.storyboard; name = Base; path = Base.lproj/Main.storyboard; sourceTree = "<group>"; };
		FC563E1A1F1D3D0100154D43 /* Assets.xcassets */ = {isa = PBXFileReference; lastKnownFileType = folder.assetcatalog; path = Assets.xcassets; sourceTree = "<group>"; };
		FC563E1D1F1D3D0100154D43 /* Base */ = {isa = PBXFileReference; lastKnownFileType = file.storyboard; name = Base; path = Base.lproj/LaunchScreen.storyboard; sourceTree = "<group>"; };
		FC563E1F1F1D3D0100154D43 /* Info.plist */ = {isa = PBXFileReference; lastKnownFileType = text.plist.xml; path = Info.plist; sourceTree = "<group>"; };
/* End PBXFileReference section */

/* Begin PBXFrameworksBuildPhase section */
		FC563E0D1F1D3D0100154D43 /* Frameworks */ = {
			isa = PBXFrameworksBuildPhase;
			buildActionMask = 2147483647;
			files = (
			);
			runOnlyForDeploymentPostprocessing = 0;
		};
/* End PBXFrameworksBuildPhase section */

/* Begin PBXGroup section */
		FC563E071F1D3D0100154D43 = {
			isa = PBXGroup;
			children = (
				FC563E121F1D3D0100154D43 /* LaunchScreenApp */,
				FC563E111F1D3D0100154D43 /* Products */,
			);
			sourceTree = "<group>";
		};
		FC563E111F1D3D0100154D43 /* Products */ = {
			isa = PBXGroup;
			children = (
				FC563E101F1D3D0100154D43 /* LaunchScreenApp.app */,
			);
			name = Products;
			sourceTree = "<group>";
		};
		FC563E121F1D3D0100154D43 /* LaunchScreenApp */ = {
			isa = PBXGroup;
			children = (
				FC563E131F1D3D0100154D43 /* AppDelegate.swift */,
				FC563E151F1D3D0100154D43 /* ViewController.swift */,
				FC563E171F1D3D0100154D43 /* Main.storyboard */,
				FC563E1A1F1D3D0100154D43 /* Assets.xcassets */,
				FC563E1C1F1D3D0100154D43 /* LaunchScreen.storyboard */,
				FC563E1F1F1D3D0100154D43 /* Info.plist */,
			);
			path = LaunchScreenApp;
			sourceTree = "<group>";
		};
/* End PBXGroup section */

/* Begin PBXNativeTarget section */
		FC563E0F1F1D3D0100154D43 /* LaunchScreenApp */ = {
			isa = PBXNativeTarget;
			buildConfigurationList = FC563E221F1D3D0100154D43 /* Build configuration list for PBXNativeTarget "LaunchScreenApp" */;
			buildPhases = (
				FC563E0C1F1D3D0100154D43 /* Sources */,
				FC563E0D1F1D3D0100154D43 /* Frameworks */,
				FC563E0E1F1D3D0100154D43 /* Resources */,
			);
			buildRules = (
			);
			dependencies = (
			);
			name = LaunchScreenApp;
			productName = LaunchScreenApp;
			productReference = FC563E101F1D3D0100154D43 /* LaunchScreenApp.app */;
			productType = "com.apple.product-type.application";
		};
/* End PBXNativeTarget section */

/* Begin PBXProject section */
		FC563E081F1D3D0100154D43 /* Project object */ = {
			isa = PBXProject;
			attributes = {
				LastSwiftUpdateCheck = 0900;
				LastUpgradeCheck = 0900;
				ORGANIZATIONNAME = "Atil Samancioglu";
				TargetAttributes = {
					FC563E0F1F1D3D0100154D43 = {
						CreatedOnToolsVersion = 9.0;
					};
				};
			};
			buildConfigurationList = FC563E0B1F1D3D0100154D43 /* Build configuration list for PBXProject "LaunchScreenApp" */;
			compatibilityVersion = "Xcode 8.0";
			developmentRegion = en;
			hasScannedForEncodings = 0;
			knownRegions = (
				en,
				Base,
			);
			mainGroup = FC563E071F1D3D0100154D43;
			productRefGroup = FC563E111F1D3D0100154D43 /* Products */;
			projectDirPath = "";
			projectRoot = "";
			targets = (
				FC563E0F1F1D3D0100154D43 /* LaunchScreenApp */,
			);
		};
/* End PBXProject section */

/* Begin PBXResourcesBuildPhase section */
		FC563E0E1F1D3D0100154D43 /* Resources */ = {
			isa = PBXResourcesBuildPhase;
			buildActionMask = 2147483647;
			files = (
				FC563E1E1F1D3D0100154D43 /* LaunchScreen.storyboard in Resources */,
				FC563E1B1F1D3D0100154D43 /* Assets.xcassets in Resources */,
				FC563E191F1D3D0100154D43 /* Main.storyboard in Resources */,
			);
			runOnlyForDeploymentPostprocessing = 0;
		};
/* End PBXResourcesBuildPhase section */

/* Begin PBXSourcesBuildPhase section */
		FC563E0C1F1D3D0100154D43 /* Sources */ = {
			isa = PBXSourcesBuildPhase;
			buildActionMask = 2147483647;
			files = (
				FC563E161F1D3D0100154D43 /* ViewController.swift in Sources */,
				FC563E141F1D3D0100154D43 /* AppDelegate.swift in Sources */,
			);
			runOnlyForDeploymentPostprocessing = 0;
		};
/* End PBXSourcesBuildPhase section */

/* Begin PBXVariantGroup section */
		FC563E171F1D3D0100154D43 /* Main.storyboard */ = {
			isa = PBXVariantGroup;
			children = (
				FC563E181F1D3D0100154D43 /* Base */,
			);
			name = Main.storyboard;
			sourceTree = "<group>";
		};
		FC563E1C1F1D3D0100154D43 /* LaunchScreen.storyboard */ = {
			isa = PBXVariantGroup;
			children = (
				FC563E1D1F1D3D0100154D43 /* Base */,
			);
			name = LaunchScreen.storyboard;
			sourceTree = "<group>";
		};
/* End PBXVariantGroup section */

/* Begin XCBuildConfiguration section */
		FC563E201F1D3D0100154D43 /* Debug */ = {
			isa = XCBuildConfiguration;
			buildSettings = {
				ALWAYS_SEARCH_USER_PATHS = NO;
				CLANG_ANALYZER_NONNULL = YES;
				CLANG_ANALYZER_NUMBER_OBJECT_CONVERSION = YES_AGGRESSIVE;
				CLANG_CXX_LANGUAGE_STANDARD = "gnu++14";
				CLANG_CXX_LIBRARY = "libc++";
				CLANG_ENABLE_MODULES = YES;
				CLANG_ENABLE_OBJC_ARC = YES;
				CLANG_WARN_BLOCK_CAPTURE_AUTORELEASING = YES;
				CLANG_WARN_BOOL_CONVERSION = YES;
				CLANG_WARN_COMMA = YES;
				CLANG_WARN_CONSTANT_CONVERSION = YES;
				CLANG_WARN_DIRECT_OBJC_ISA_USAGE = YES_ERROR;
				CLANG_WARN_DOCUMENTATION_COMMENTS = YES;
				CLANG_WARN_EMPTY_BODY = YES;
				CLANG_WARN_ENUM_CONVERSION = YES;
				CLANG_WARN_INFINITE_RECURSION = YES;
				CLANG_WARN_INT_CONVERSION = YES;
				CLANG_WARN_OBJC_ROOT_CLASS = YES_ERROR;
				CLANG_WARN_RANGE_LOOP_ANALYSIS = YES;
				CLANG_WARN_STRICT_PROTOTYPES = YES;
				CLANG_WARN_SUSPICIOUS_MOVE = YES;
				CLANG_WARN_UNGUARDED_AVAILABILITY = YES_AGGRESSIVE;
				CLANG_WARN_UNREACHABLE_CODE = YES;
				CLANG_WARN__DUPLICATE_METHOD_MATCH = YES;
				CODE_SIGN_IDENTITY = "iPhone Developer";
				COPY_PHASE_STRIP = NO;
				DEBUG_INFORMATION_FORMAT = dwarf;
				ENABLE_STRICT_OBJC_MSGSEND = YES;
				ENABLE_TESTABILITY = YES;
				GCC_C_LANGUAGE_STANDARD = gnu11;
				GCC_DYNAMIC_NO_PIC = NO;
				GCC_NO_COMMON_BLOCKS = YES;
				GCC_OPTIMIZATION_LEVEL = 0;
				GCC_PREPROCESSOR_DEFINITIONS = (
					"DEBUG=1",
					"$(inherited)",
				);
				GCC_WARN_64_TO_32_BIT_CONVERSION = YES;
				GCC_WARN_ABOUT_RETURN_TYPE = YES_ERROR;
				GCC_WARN_UNDECLARED_SELECTOR = YES;
				GCC_WARN_UNINITIALIZED_AUTOS = YES_AGGRESSIVE;
				GCC_WARN_UNUSED_FUNCTION = YES;
				GCC_WARN_UNUSED_VARIABLE = YES;
				IPHONEOS_DEPLOYMENT_TARGET = 11.0;
				MTL_ENABLE_DEBUG_INFO = YES;
				ONLY_ACTIVE_ARCH = YES;
				SDKROOT = iphoneos;
				SWIFT_ACTIVE_COMPILATION_CONDITIONS = DEBUG;
				SWIFT_OPTIMIZATION_LEVEL = "-Onone";
			};
			name = Debug;
		};
		FC563E211F1D3D0100154D43 /* Release */ = {
			isa = XCBuildConfiguration;
			buildSettings = {
				ALWAYS_SEARCH_USER_PATHS = NO;
				CLANG_ANALYZER_NONNULL = YES;
				CLANG_ANALYZER_NUMBER_OBJECT_CONVERSION = YES_AGGRESSIVE;
				CLANG_CXX_LANGUAGE_STANDARD = "gnu++14";
				CLANG_CXX_LIBRARY = "libc++";
				CLANG_ENABLE_MODULES = YES;
				CLANG_ENABLE_OBJC_ARC = YES;
				CLANG_WARN_BLOCK_CAPTURE_AUTORELEASING = YES;
				CLANG_WARN_BOOL_CONVERSION = YES;
				CLANG_WARN_COMMA = YES;
				CLANG_WARN_CONSTANT_CONVERSION = YES;
				CLANG_WARN_DIRECT_OBJC_ISA_USAGE = YES_ERROR;
				CLANG_WARN_DOCUMENTATION_COMMENTS = YES;
				CLANG_WARN_EMPTY_BODY = YES;
				CLANG_WARN_ENUM_CONVERSION = YES;
				CLANG_WARN_INFINITE_RECURSION = YES;
				CLANG_WARN_INT_CONVERSION = YES;
				CLANG_WARN_OBJC_ROOT_CLASS = YES_ERROR;
				CLANG_WARN_RANGE_LOOP_ANALYSIS = YES;
				CLANG_WARN_STRICT_PROTOTYPES = YES;
				CLANG_WARN_SUSPICIOUS_MOVE = YES;
				CLANG_WARN_UNGUARDED_AVAILABILITY = YES_AGGRESSIVE;
				CLANG_WARN_UNREACHABLE_CODE = YES;
				CLANG_WARN__DUPLICATE_METHOD_MATCH = YES;
				CODE_SIGN_IDENTITY = "iPhone Developer";
				COPY_PHASE_STRIP = NO;
				DEBUG_INFORMATION_FORMAT = "dwarf-with-dsym";
				ENABLE_NS_ASSERTIONS = NO;
				ENABLE_STRICT_OBJC_MSGSEND = YES;
				GCC_C_LANGUAGE_STANDARD = gnu11;
				GCC_NO_COMMON_BLOCKS = YES;
				GCC_WARN_64_TO_32_BIT_CONVERSION = YES;
				GCC_WARN_ABOUT_RETURN_TYPE = YES_ERROR;
				GCC_WARN_UNDECLARED_SELECTOR = YES;
				GCC_WARN_UNINITIALIZED_AUTOS = YES_AGGRESSIVE;
				GCC_WARN_UNUSED_FUNCTION = YES;
				GCC_WARN_UNUSED_VARIABLE = YES;
				IPHONEOS_DEPLOYMENT_TARGET = 11.0;
				MTL_ENABLE_DEBUG_INFO = NO;
				SDKROOT = iphoneos;
				SWIFT_OPTIMIZATION_LEVEL = "-Owholemodule";
				VALIDATE_PRODUCT = YES;
			};
			name = Release;
		};
		FC563E231F1D3D0100154D43 /* Debug */ = {
			isa = XCBuildConfiguration;
			buildSettings = {
				ASSETCATALOG_COMPILER_APPICON_NAME = AppIcon;
				DEVELOPMENT_TEAM = 7SH627DBA4;
				INFOPLIST_FILE = LaunchScreenApp/Info.plist;
				LD_RUNPATH_SEARCH_PATHS = "$(inherited) @executable_path/Frameworks";
				PRODUCT_BUNDLE_IDENTIFIER = com.atilsamancioglu.LaunchScreenApp;
				PRODUCT_NAME = "$(TARGET_NAME)";
				SWIFT_VERSION = 4.0;
				TARGETED_DEVICE_FAMILY = "1,2";
			};
			name = Debug;
		};
		FC563E241F1D3D0100154D43 /* Release */ = {
			isa = XCBuildConfiguration;
			buildSettings = {
				ASSETCATALOG_COMPILER_APPICON_NAME = AppIcon;
				DEVELOPMENT_TEAM = 7SH627DBA4;
				INFOPLIST_FILE = LaunchScreenApp/Info.plist;
				LD_RUNPATH_SEARCH_PATHS = "$(inherited) @executable_path/Frameworks";
				PRODUCT_BUNDLE_IDENTIFIER = com.atilsamancioglu.LaunchScreenApp;
				PRODUCT_NAME = "$(TARGET_NAME)";
				SWIFT_VERSION = 4.0;
				TARGETED_DEVICE_FAMILY = "1,2";
			};
			name = Release;
		};
/* End XCBuildConfiguration section */

/* Begin XCConfigurationList section */
		FC563E0B1F1D3D0100154D43 /* Build configuration list for PBXProject "LaunchScreenApp" */ = {
			isa = XCConfigurationList;
			buildConfigurations = (
				FC563E201F1D3D0100154D43 /* Debug */,
				FC563E211F1D3D0100154D43 /* Release */,
			);
			defaultConfigurationIsVisible = 0;
			defaultConfigurationName = Release;
		};
		FC563E221F1D3D0100154D43 /* Build configuration list for PBXNativeTarget "LaunchScreenApp" */ = {
			isa = XCConfigurationList;
			buildConfigurations = (
				FC563E231F1D3D0100154D43 /* Debug */,
				FC563E241F1D3D0100154D43 /* Release */,
			);
			defaultConfigurationIsVisible = 0;
		};
/* End XCConfigurationList section */
	};
	rootObject = FC563E081F1D3D0100154D43 /* Project object */;
}
